
Microsoft Visual Studio Solution File, Format Version 12.00
Project("{FAE04EC0-301F-11D3-BF4B-00C04F79EFBC}") = "OverwatchTracker", "OverwatchTracker\OverwatchTracker.csproj", "{B6B00015-9C88-49DF-9E62-F3729246DB39}"
EndProject
Project("{FAE04EC0-301F-11D3-BF4B-00C04F79EFBC}") = "DomainModel", "DomainModel\DomainModel.csproj", "{0AAF72B8-0200-4706-8F3B-7002B568759A}"
EndProject
Project("{FAE04EC0-301F-11D3-BF4B-00C04F79EFBC}") = "Initializer", "Initializer\Initializer.csproj", "{F7639339-AF2D-4A45-91F3-7FC48ED0B3B5}"
EndProject
Project("{FAE04EC0-301F-11D3-BF4B-00C04F79EFBC}") = "DAL", "DAL\DAL.csproj", "{4F6C15B3-A2FC-4187-8315-7968D4E2A4FA}"
EndProject
Project("{FAE04EC0-301F-11D3-BF4B-00C04F79EFBC}") = "Repository", "Repository\Repository.csproj", "{BB18AFFE-F379-4CFD-BA90-F458DEFF328E}"
EndProject
Global
	GlobalSection(SolutionConfigurationPlatforms) = preSolution
		Debug|Any CPU = Debug|Any CPU
		Release|Any CPU = Release|Any CPU
	EndGlobalSection
	GlobalSection(ProjectConfigurationPlatforms) = postSolution
		{B6B00015-9C88-49DF-9E62-F3729246DB39}.Debug|Any CPU.ActiveCfg = Debug|Any CPU
		{B6B00015-9C88-49DF-9E62-F3729246DB39}.Debug|Any CPU.Build.0 = Debug|Any CPU
		{B6B00015-9C88-49DF-9E62-F3729246DB39}.Release|Any CPU.ActiveCfg = Release|Any CPU
		{B6B00015-9C88-49DF-9E62-F3729246DB39}.Release|Any CPU.Build.0 = Release|Any CPU
		{0AAF72B8-0200-4706-8F3B-7002B568759A}.Debug|Any CPU.ActiveCfg = Debug|Any CPU
		{0AAF72B8-0200-4706-8F3B-7002B568759A}.Debug|Any CPU.Build.0 = Debug|Any CPU
		{0AAF72B8-0200-4706-8F3B-7002B568759A}.Release|Any CPU.ActiveCfg = Release|Any CPU
		{0AAF72B8-0200-4706-8F3B-7002B568759A}.Release|Any CPU.Build.0 = Release|Any CPU
		{F7639339-AF2D-4A45-91F3-7FC48ED0B3B5}.Debug|Any CPU.ActiveCfg = Debug|Any CPU
		{F7639339-AF2D-4A45-91F3-7FC48ED0B3B5}.Debug|Any CPU.Build.0 = Debug|Any CPU
		{F7639339-AF2D-4A45-91F3-7FC48ED0B3B5}.Release|Any CPU.ActiveCfg = Release|Any CPU
		{F7639339-AF2D-4A45-91F3-7FC48ED0B3B5}.Release|Any CPU.Build.0 = Release|Any CPU
		{4F6C15B3-A2FC-4187-8315-7968D4E2A4FA}.Debug|Any CPU.ActiveCfg = Debug|Any CPU
		{4F6C15B3-A2FC-4187-8315-7968D4E2A4FA}.Debug|Any CPU.Build.0 = Debug|Any CPU
		{4F6C15B3-A2FC-4187-8315-7968D4E2A4FA}.Release|Any CPU.ActiveCfg = Release|Any CPU
		{4F6C15B3-A2FC-4187-8315-7968D4E2A4FA}.Release|Any CPU.Build.0 = Release|Any CPU
		{BB18AFFE-F379-4CFD-BA90-F458DEFF328E}.Debug|Any CPU.ActiveCfg = Debug|Any CPU
		{BB18AFFE-F379-4CFD-BA90-F458DEFF328E}.Debug|Any CPU.Build.0 = Debug|Any CPU
		{BB18AFFE-F379-4CFD-BA90-F458DEFF328E}.Release|Any CPU.ActiveCfg = Release|Any CPU
		{BB18AFFE-F379-4CFD-BA90-F458DEFF328E}.Release|Any CPU.Build.0 = Release|Any CPU
	EndGlobalSection
EndGlobal
